// !$*UTF8*$!
{
	archiveVersion = 1;
	classes = {
	};
	objectVersion = 46;
	objects = {

/* Begin PBXBuildFile section */
		0367235B1C61EE6E00EBD75F /* AppDelegate.swift in Sources */ = {isa = PBXBuildFile; fileRef = 0367235A1C61EE6E00EBD75F /* AppDelegate.swift */; };
		0367235D1C61EE6E00EBD75F /* ViewController.swift in Sources */ = {isa = PBXBuildFile; fileRef = 0367235C1C61EE6E00EBD75F /* ViewController.swift */; };
		036723601C61EE6E00EBD75F /* Main.storyboard in Resources */ = {isa = PBXBuildFile; fileRef = 0367235E1C61EE6E00EBD75F /* Main.storyboard */; };
		036723631C61EE6E00EBD75F /* Recipes.xcdatamodeld in Sources */ = {isa = PBXBuildFile; fileRef = 036723611C61EE6E00EBD75F /* Recipes.xcdatamodeld */; };
		036723651C61EE6E00EBD75F /* Assets.xcassets in Resources */ = {isa = PBXBuildFile; fileRef = 036723641C61EE6E00EBD75F /* Assets.xcassets */; };
		036723681C61EE6E00EBD75F /* LaunchScreen.storyboard in Resources */ = {isa = PBXBuildFile; fileRef = 036723661C61EE6E00EBD75F /* LaunchScreen.storyboard */; };
		036723741C61F4C500EBD75F /* Recipe+CoreDataProperties.swift in Sources */ = {isa = PBXBuildFile; fileRef = 036723721C61F4C500EBD75F /* Recipe+CoreDataProperties.swift */; };
		036723751C61F4C500EBD75F /* Recipe.swift in Sources */ = {isa = PBXBuildFile; fileRef = 036723731C61F4C500EBD75F /* Recipe.swift */; };
		036723771C61F64600EBD75F /* RecipeCell.swift in Sources */ = {isa = PBXBuildFile; fileRef = 036723761C61F64600EBD75F /* RecipeCell.swift */; };
		036723791C61FE5300EBD75F /* CreateRecipeVC.swift in Sources */ = {isa = PBXBuildFile; fileRef = 036723781C61FE5300EBD75F /* CreateRecipeVC.swift */; };
/* End PBXBuildFile section */

/* Begin PBXFileReference section */
		036723571C61EE6E00EBD75F /* Recipes.app */ = {isa = PBXFileReference; explicitFileType = wrapper.application; includeInIndex = 0; path = Recipes.app; sourceTree = BUILT_PRODUCTS_DIR; };
		0367235A1C61EE6E00EBD75F /* AppDelegate.swift */ = {isa = PBXFileReference; lastKnownFileType = sourcecode.swift; path = AppDelegate.swift; sourceTree = "<group>"; };
		0367235C1C61EE6E00EBD75F /* ViewController.swift */ = {isa = PBXFileReference; lastKnownFileType = sourcecode.swift; path = ViewController.swift; sourceTree = "<group>"; };
		0367235F1C61EE6E00EBD75F /* Base */ = {isa = PBXFileReference; lastKnownFileType = file.storyboard; name = Base; path = Base.lproj/Main.storyboard; sourceTree = "<group>"; };
		036723621C61EE6E00EBD75F /* Recipes.xcdatamodel */ = {isa = PBXFileReference; lastKnownFileType = wrapper.xcdatamodel; path = Recipes.xcdatamodel; sourceTree = "<group>"; };
		036723641C61EE6E00EBD75F /* Assets.xcassets */ = {isa = PBXFileReference; lastKnownFileType = folder.assetcatalog; path = Assets.xcassets; sourceTree = "<group>"; };
		036723671C61EE6E00EBD75F /* Base */ = {isa = PBXFileReference; lastKnownFileType = file.storyboard; name = Base; path = Base.lproj/LaunchScreen.storyboard; sourceTree = "<group>"; };
		036723691C61EE6E00EBD75F /* Info.plist */ = {isa = PBXFileReference; lastKnownFileType = text.plist.xml; path = Info.plist; sourceTree = "<group>"; };
		036723721C61F4C500EBD75F /* Recipe+CoreDataProperties.swift */ = {isa = PBXFileReference; fileEncoding = 4; lastKnownFileType = sourcecode.swift; name = "Recipe+CoreDataProperties.swift"; path = "../Recipe+CoreDataProperties.swift"; sourceTree = "<group>"; };
		036723731C61F4C500EBD75F /* Recipe.swift */ = {isa = PBXFileReference; fileEncoding = 4; lastKnownFileType = sourcecode.swift; name = Recipe.swift; path = ../Recipe.swift; sourceTree = "<group>"; };
		036723761C61F64600EBD75F /* RecipeCell.swift */ = {isa = PBXFileReference; fileEncoding = 4; lastKnownFileType = sourcecode.swift; path = RecipeCell.swift; sourceTree = "<group>"; };
		036723781C61FE5300EBD75F /* CreateRecipeVC.swift */ = {isa = PBXFileReference; fileEncoding = 4; lastKnownFileType = sourcecode.swift; path = CreateRecipeVC.swift; sourceTree = "<group>"; };
/* End PBXFileReference section */

/* Begin PBXFrameworksBuildPhase section */
		036723541C61EE6E00EBD75F /* Frameworks */ = {
			isa = PBXFrameworksBuildPhase;
			buildActionMask = 2147483647;
			files = (
			);
			runOnlyForDeploymentPostprocessing = 0;
		};
/* End PBXFrameworksBuildPhase section */

/* Begin PBXGroup section */
		0367234E1C61EE6E00EBD75F = {
			isa = PBXGroup;
			children = (
				036723591C61EE6E00EBD75F /* Recipes */,
				036723581C61EE6E00EBD75F /* Products */,
			);
			sourceTree = "<group>";
		};
		036723581C61EE6E00EBD75F /* Products */ = {
			isa = PBXGroup;
			children = (
				036723571C61EE6E00EBD75F /* Recipes.app */,
			);
			name = Products;
			sourceTree = "<group>";
		};
		036723591C61EE6E00EBD75F /* Recipes */ = {
			isa = PBXGroup;
			children = (
				0367236F1C61F45C00EBD75F /* Model */,
				036723701C61F46200EBD75F /* View */,
				036723711C61F46600EBD75F /* Controller */,
				0367235A1C61EE6E00EBD75F /* AppDelegate.swift */,
				0367235E1C61EE6E00EBD75F /* Main.storyboard */,
				036723641C61EE6E00EBD75F /* Assets.xcassets */,
				036723661C61EE6E00EBD75F /* LaunchScreen.storyboard */,
				036723691C61EE6E00EBD75F /* Info.plist */,
				036723611C61EE6E00EBD75F /* Recipes.xcdatamodeld */,
			);
			path = Recipes;
			sourceTree = "<group>";
		};
		0367236F1C61F45C00EBD75F /* Model */ = {
			isa = PBXGroup;
			children = (
				036723721C61F4C500EBD75F /* Recipe+CoreDataProperties.swift */,
				036723731C61F4C500EBD75F /* Recipe.swift */,
			);
			name = Model;
			sourceTree = "<group>";
		};
		036723701C61F46200EBD75F /* View */ = {
			isa = PBXGroup;
			children = (
				036723761C61F64600EBD75F /* RecipeCell.swift */,
			);
			name = View;
			sourceTree = "<group>";
		};
		036723711C61F46600EBD75F /* Controller */ = {
			isa = PBXGroup;
			children = (
				0367235C1C61EE6E00EBD75F /* ViewController.swift */,
				036723781C61FE5300EBD75F /* CreateRecipeVC.swift */,
			);
			name = Controller;
			sourceTree = "<group>";
		};
/* End PBXGroup section */

/* Begin PBXNativeTarget section */
		036723561C61EE6E00EBD75F /* Recipes */ = {
			isa = PBXNativeTarget;
			buildConfigurationList = 0367236C1C61EE6E00EBD75F /* Build configuration list for PBXNativeTarget "Recipes" */;
			buildPhases = (
				036723531C61EE6E00EBD75F /* Sources */,
				036723541C61EE6E00EBD75F /* Frameworks */,
				036723551C61EE6E00EBD75F /* Resources */,
			);
			buildRules = (
			);
			dependencies = (
			);
			name = Recipes;
			productName = Recipes;
			productReference = 036723571C61EE6E00EBD75F /* Recipes.app */;
			productType = "com.apple.product-type.application";
		};
/* End PBXNativeTarget section */

/* Begin PBXProject section */
		0367234F1C61EE6E00EBD75F /* Project object */ = {
			isa = PBXProject;
			attributes = {
				LastSwiftUpdateCheck = 0720;
				LastUpgradeCheck = 0720;
				ORGANIZATIONNAME = "Fox Gallery Studios";
				TargetAttributes = {
					036723561C61EE6E00EBD75F = {
						CreatedOnToolsVersion = 7.2;
					};
				};
			};
			buildConfigurationList = 036723521C61EE6E00EBD75F /* Build configuration list for PBXProject "Recipes" */;
			compatibilityVersion = "Xcode 3.2";
			developmentRegion = English;
			hasScannedForEncodings = 0;
			knownRegions = (
				en,
				Base,
			);
			mainGroup = 0367234E1C61EE6E00EBD75F;
			productRefGroup = 036723581C61EE6E00EBD75F /* Products */;
			projectDirPath = "";
			projectRoot = "";
			targets = (
				036723561C61EE6E00EBD75F /* Recipes */,
			);
		};
/* End PBXProject section */

/* Begin PBXResourcesBuildPhase section */
		036723551C61EE6E00EBD75F /* Resources */ = {
			isa = PBXResourcesBuildPhase;
			buildActionMask = 2147483647;
			files = (
				036723681C61EE6E00EBD75F /* LaunchScreen.storyboard in Resources */,
				036723651C61EE6E00EBD75F /* Assets.xcassets in Resources */,
				036723601C61EE6E00EBD75F /* Main.storyboard in Resources */,
			);
			runOnlyForDeploymentPostprocessing = 0;
		};
/* End PBXResourcesBuildPhase section */

/* Begin PBXSourcesBuildPhase section */
		036723531C61EE6E00EBD75F /* Sources */ = {
			isa = PBXSourcesBuildPhase;
			buildActionMask = 2147483647;
			files = (
				0367235D1C61EE6E00EBD75F /* ViewController.swift in Sources */,
				036723741C61F4C500EBD75F /* Recipe+CoreDataProperties.swift in Sources */,
				0367235B1C61EE6E00EBD75F /* AppDelegate.swift in Sources */,
				036723771C61F64600EBD75F /* RecipeCell.swift in Sources */,
				036723791C61FE5300EBD75F /* CreateRecipeVC.swift in Sources */,
				036723631C61EE6E00EBD75F /* Recipes.xcdatamodeld in Sources */,
				036723751C61F4C500EBD75F /* Recipe.swift in Sources */,
			);
			runOnlyForDeploymentPostprocessing = 0;
		};
/* End PBXSourcesBuildPhase section */

/* Begin PBXVariantGroup section */
		0367235E1C61EE6E00EBD75F /* Main.storyboard */ = {
			isa = PBXVariantGroup;
			children = (
				0367235F1C61EE6E00EBD75F /* Base */,
			);
			name = Main.storyboard;
			sourceTree = "<group>";
		};
		036723661C61EE6E00EBD75F /* LaunchScreen.storyboard */ = {
			isa = PBXVariantGroup;
			children = (
				036723671C61EE6E00EBD75F /* Base */,
			);
			name = LaunchScreen.storyboard;
			sourceTree = "<group>";
		};
/* End PBXVariantGroup section */

/* Begin XCBuildConfiguration section */
		0367236A1C61EE6E00EBD75F /* Debug */ = {
			isa = XCBuildConfiguration;
			buildSettings = {
				ALWAYS_SEARCH_USER_PATHS = NO;
				CLANG_CXX_LANGUAGE_STANDARD = "gnu++0x";
				CLANG_CXX_LIBRARY = "libc++";
				CLANG_ENABLE_MODULES = YES;
				CLANG_ENABLE_OBJC_ARC = YES;
				CLANG_WARN_BOOL_CONVERSION = YES;
				CLANG_WARN_CONSTANT_CONVERSION = YES;
				CLANG_WARN_DIRECT_OBJC_ISA_USAGE = YES_ERROR;
				CLANG_WARN_EMPTY_BODY = YES;
				CLANG_WARN_ENUM_CONVERSION = YES;
				CLANG_WARN_INT_CONVERSION = YES;
				CLANG_WARN_OBJC_ROOT_CLASS = YES_ERROR;
				CLANG_WARN_UNREACHABLE_CODE = YES;
				CLANG_WARN__DUPLICATE_METHOD_MATCH = YES;
				"CODE_SIGN_IDENTITY[sdk=iphoneos*]" = "iPhone Developer";
				COPY_PHASE_STRIP = NO;
				DEBUG_INFORMATION_FORMAT = dwarf;
				ENABLE_STRICT_OBJC_MSGSEND = YES;
				ENABLE_TESTABILITY = YES;
				GCC_C_LANGUAGE_STANDARD = gnu99;
				GCC_DYNAMIC_NO_PIC = NO;
				GCC_NO_COMMON_BLOCKS = YES;
				GCC_OPTIMIZATION_LEVEL = 0;
				GCC_PREPROCESSOR_DEFINITIONS = (
					"DEBUG=1",
					"$(inherited)",
				);
				GCC_WARN_64_TO_32_BIT_CONVERSION = YES;
				GCC_WARN_ABOUT_RETURN_TYPE = YES_ERROR;
				GCC_WARN_UNDECLARED_SELECTOR = YES;
				GCC_WARN_UNINITIALIZED_AUTOS = YES_AGGRESSIVE;
				GCC_WARN_UNUSED_FUNCTION = YES;
				GCC_WARN_UNUSED_VARIABLE = YES;
				IPHONEOS_DEPLOYMENT_TARGET = 9.2;
				MTL_ENABLE_DEBUG_INFO = YES;
				ONLY_ACTIVE_ARCH = YES;
				SDKROOT = iphoneos;
				SWIFT_OPTIMIZATION_LEVEL = "-Onone";
				TARGETED_DEVICE_FAMILY = "1,2";
			};
			name = Debug;
		};
		0367236B1C61EE6E00EBD75F /* Release */ = {
			isa = XCBuildConfiguration;
			buildSettings = {
				ALWAYS_SEARCH_USER_PATHS = NO;
				CLANG_CXX_LANGUAGE_STANDARD = "gnu++0x";
				CLANG_CXX_LIBRARY = "libc++";
				CLANG_ENABLE_MODULES = YES;
				CLANG_ENABLE_OBJC_ARC = YES;
				CLANG_WARN_BOOL_CONVERSION = YES;
				CLANG_WARN_CONSTANT_CONVERSION = YES;
				CLANG_WARN_DIRECT_OBJC_ISA_USAGE = YES_ERROR;
				CLANG_WARN_EMPTY_BODY = YES;
				CLANG_WARN_ENUM_CONVERSION = YES;
				CLANG_WARN_INT_CONVERSION = YES;
				CLANG_WARN_OBJC_ROOT_CLASS = YES_ERROR;
				CLANG_WARN_UNREACHABLE_CODE = YES;
				CLANG_WARN__DUPLICATE_METHOD_MATCH = YES;
				"CODE_SIGN_IDENTITY[sdk=iphoneos*]" = "iPhone Developer";
				COPY_PHASE_STRIP = NO;
				DEBUG_INFORMATION_FORMAT = "dwarf-with-dsym";
				ENABLE_NS_ASSERTIONS = NO;
				ENABLE_STRICT_OBJC_MSGSEND = YES;
				GCC_C_LANGUAGE_STANDARD = gnu99;
				GCC_NO_COMMON_BLOCKS = YES;
				GCC_WARN_64_TO_32_BIT_CONVERSION = YES;
				GCC_WARN_ABOUT_RETURN_TYPE = YES_ERROR;
				GCC_WARN_UNDECLARED_SELECTOR = YES;
				GCC_WARN_UNINITIALIZED_AUTOS = YES_AGGRESSIVE;
				GCC_WARN_UNUSED_FUNCTION = YES;
				GCC_WARN_UNUSED_VARIABLE = YES;
				IPHONEOS_DEPLOYMENT_TARGET = 9.2;
				MTL_ENABLE_DEBUG_INFO = NO;
				SDKROOT = iphoneos;
				TARGETED_DEVICE_FAMILY = "1,2";
				VALIDATE_PRODUCT = YES;
			};
			name = Release;
		};
		0367236D1C61EE6E00EBD75F /* Debug */ = {
			isa = XCBuildConfiguration;
			buildSettings = {
				ASSETCATALOG_COMPILER_APPICON_NAME = AppIcon;
				INFOPLIST_FILE = Recipes/Info.plist;
				LD_RUNPATH_SEARCH_PATHS = "$(inherited) @executable_path/Frameworks";
				PRODUCT_BUNDLE_IDENTIFIER = com.foxgallerystudios.Recipes;
				PRODUCT_NAME = "$(TARGET_NAME)";
			};
			name = Debug;
		};
		0367236E1C61EE6E00EBD75F /* Release */ = {
			isa = XCBuildConfiguration;
			buildSettings = {
				ASSETCATALOG_COMPILER_APPICON_NAME = AppIcon;
				INFOPLIST_FILE = Recipes/Info.plist;
				LD_RUNPATH_SEARCH_PATHS = "$(inherited) @executable_path/Frameworks";
				PRODUCT_BUNDLE_IDENTIFIER = com.foxgallerystudios.Recipes;
				PRODUCT_NAME = "$(TARGET_NAME)";
			};
			name = Release;
		};
/* End XCBuildConfiguration section */

/* Begin XCConfigurationList section */
		036723521C61EE6E00EBD75F /* Build configuration list for PBXProject "Recipes" */ = {
			isa = XCConfigurationList;
			buildConfigurations = (
				0367236A1C61EE6E00EBD75F /* Debug */,
				0367236B1C61EE6E00EBD75F /* Release */,
			);
			defaultConfigurationIsVisible = 0;
			defaultConfigurationName = Release;
		};
		0367236C1C61EE6E00EBD75F /* Build configuration list for PBXNativeTarget "Recipes" */ = {
			isa = XCConfigurationList;
			buildConfigurations = (
				0367236D1C61EE6E00EBD75F /* Debug */,
				0367236E1C61EE6E00EBD75F /* Release */,
			);
			defaultConfigurationIsVisible = 0;
		};
/* End XCConfigurationList section */

/* Begin XCVersionGroup section */
		036723611C61EE6E00EBD75F /* Recipes.xcdatamodeld */ = {
			isa = XCVersionGroup;
			children = (
				036723621C61EE6E00EBD75F /* Recipes.xcdatamodel */,
			);
			currentVersion = 036723621C61EE6E00EBD75F /* Recipes.xcdatamodel */;
			path = Recipes.xcdatamodeld;
			sourceTree = "<group>";
			versionGroupType = wrapper.xcdatamodel;
		};
/* End XCVersionGroup section */
	};
	rootObject = 0367234F1C61EE6E00EBD75F /* Project object */;
}
